
Microsoft Visual Studio Solution File, Format Version 12.00
# Visual Studio Version 16
VisualStudioVersion = 16.0.31313.79
MinimumVisualStudioVersion = 10.0.40219.1
Project("{FAE04EC0-301F-11D3-BF4B-00C04F79EFBC}") = "FileReader", "FileReader\FileReader.csproj", "{238C309E-6426-457D-B430-884F2D77F5B0}"
EndProject
Project("{FAE04EC0-301F-11D3-BF4B-00C04F79EFBC}") = "TestFileReader", "TestFileReader\TestFileReader.csproj", "{82065177-46BD-455E-9750-EA884EBB7C99}"
EndProject
Global
	GlobalSection(SolutionConfigurationPlatforms) = preSolution
		Debug|Any CPU = Debug|Any CPU
		Release|Any CPU = Release|Any CPU
	EndGlobalSection
	GlobalSection(ProjectConfigurationPlatforms) = postSolution
		{238C309E-6426-457D-B430-884F2D77F5B0}.Debug|Any CPU.ActiveCfg = Debug|Any CPU
		{238C309E-6426-457D-B430-884F2D77F5B0}.Debug|Any CPU.Build.0 = Debug|Any CPU
		{238C309E-6426-457D-B430-884F2D77F5B0}.Release|Any CPU.ActiveCfg = Release|Any CPU
		{238C309E-6426-457D-B430-884F2D77F5B0}.Release|Any CPU.Build.0 = Release|Any CPU
		{82065177-46BD-455E-9750-EA884EBB7C99}.Debug|Any CPU.ActiveCfg = Debug|Any CPU
		{82065177-46BD-455E-9750-EA884EBB7C99}.Debug|Any CPU.Build.0 = Debug|Any CPU
		{82065177-46BD-455E-9750-EA884EBB7C99}.Release|Any CPU.ActiveCfg = Release|Any CPU
		{82065177-46BD-455E-9750-EA884EBB7C99}.Release|Any CPU.Build.0 = Release|Any CPU
	EndGlobalSection
	GlobalSection(SolutionProperties) = preSolution
		HideSolutionNode = FALSE
	EndGlobalSection
	GlobalSection(ExtensibilityGlobals) = postSolution
		SolutionGuid = {DB174B03-C002-456F-ADBA-44974D7D7572}
	EndGlobalSection
EndGlobal
